
Microsoft Visual Studio Solution File, Format Version 12.00
# Visual Studio Version 17
VisualStudioVersion = 17.0.31903.59
MinimumVisualStudioVersion = 10.0.40219.1
Project("{2150E333-8FDC-42A3-9474-1A3956D46DE8}") = "src", "src", "{827E0CD3-B72D-47B6-A68D-7590B98EB39B}"
EndProject
Project("{FAE04EC0-301F-11D3-BF4B-00C04F79EFBC}") = "Needlr.Domain", "src\Needlr.Domain\Needlr.Domain.csproj", "{058CC080-7989-4C97-A099-91AFFA2079CA}"
EndProject
Project("{FAE04EC0-301F-11D3-BF4B-00C04F79EFBC}") = "Needlr.Application", "src\Needlr.Application\Needlr.Application.csproj", "{EB2DD80F-26CC-4168-8660-6AB84446D8FF}"
EndProject
Project("{FAE04EC0-301F-11D3-BF4B-00C04F79EFBC}") = "Needlr.Infrastructure", "src\Needlr.Infrastructure\Needlr.Infrastructure.csproj", "{BDDED0CA-CAB5-4568-B506-B969976F8000}"
EndProject
Project("{FAE04EC0-301F-11D3-BF4B-00C04F79EFBC}") = "Needlr.Api", "src\Needlr.Api\Needlr.Api.csproj", "{F294AAFA-C932-45A6-9733-77698A9EC87A}"
EndProject
Project("{FAE04EC0-301F-11D3-BF4B-00C04F79EFBC}") = "Needlr.Web", "src\Needlr.Web\Needlr.Web.csproj", "{BC02F682-EDBC-4FDE-8BF4-8A68FAAB5AD8}"
EndProject
Project("{FAE04EC0-301F-11D3-BF4B-00C04F79EFBC}") = "Needlr.Contracts", "src\Needlr.Contracts\Needlr.Contracts.csproj", "{22C103E7-9D79-440F-BC51-AFF8C117E446}"
EndProject
Project("{2150E333-8FDC-42A3-9474-1A3956D46DE8}") = "tests", "tests", "{0AB3BF05-4346-4AA6-1389-037BE0695223}"
EndProject
Project("{FAE04EC0-301F-11D3-BF4B-00C04F79EFBC}") = "Needlr.Domain.Tests", "tests\Needlr.Domain.Tests\Needlr.Domain.Tests.csproj", "{38809E6A-1077-47C5-AB0F-1B9CB9259289}"
EndProject
Project("{FAE04EC0-301F-11D3-BF4B-00C04F79EFBC}") = "Needlr.Application.Tests", "tests\Needlr.Application.Tests\Needlr.Application.Tests.csproj", "{8ABAE5EB-470F-40A3-A610-D6AB18E581C5}"
EndProject
Project("{FAE04EC0-301F-11D3-BF4B-00C04F79EFBC}") = "Needlr.Infrastructure.Tests", "tests\Needlr.Infrastructure.Tests\Needlr.Infrastructure.Tests.csproj", "{6E5A77C6-9C0D-4AC5-B65D-08E119A36AE9}"
EndProject
Project("{FAE04EC0-301F-11D3-BF4B-00C04F79EFBC}") = "Needlr.Api.IntegrationTests", "tests\Needlr.Api.IntegrationTests\Needlr.Api.IntegrationTests.csproj", "{79739721-3A33-480F-A8AF-F37474C8DFD9}"
EndProject
Project("{FAE04EC0-301F-11D3-BF4B-00C04F79EFBC}") = "Needlr.Architecture.Tests", "tests\Needlr.Architecture.Tests\Needlr.Architecture.Tests.csproj", "{475CFDA8-1458-4C89-AF8D-080032DF8EF5}"
EndProject
Global
	GlobalSection(SolutionConfigurationPlatforms) = preSolution
		Debug|Any CPU = Debug|Any CPU
		Debug|x64 = Debug|x64
		Debug|x86 = Debug|x86
		Release|Any CPU = Release|Any CPU
		Release|x64 = Release|x64
		Release|x86 = Release|x86
	EndGlobalSection
	GlobalSection(ProjectConfigurationPlatforms) = postSolution
		{058CC080-7989-4C97-A099-91AFFA2079CA}.Debug|Any CPU.ActiveCfg = Debug|Any CPU
		{058CC080-7989-4C97-A099-91AFFA2079CA}.Debug|Any CPU.Build.0 = Debug|Any CPU
		{058CC080-7989-4C97-A099-91AFFA2079CA}.Debug|x64.ActiveCfg = Debug|Any CPU
		{058CC080-7989-4C97-A099-91AFFA2079CA}.Debug|x64.Build.0 = Debug|Any CPU
		{058CC080-7989-4C97-A099-91AFFA2079CA}.Debug|x86.ActiveCfg = Debug|Any CPU
		{058CC080-7989-4C97-A099-91AFFA2079CA}.Debug|x86.Build.0 = Debug|Any CPU
		{058CC080-7989-4C97-A099-91AFFA2079CA}.Release|Any CPU.ActiveCfg = Release|Any CPU
		{058CC080-7989-4C97-A099-91AFFA2079CA}.Release|Any CPU.Build.0 = Release|Any CPU
		{058CC080-7989-4C97-A099-91AFFA2079CA}.Release|x64.ActiveCfg = Release|Any CPU
		{058CC080-7989-4C97-A099-91AFFA2079CA}.Release|x64.Build.0 = Release|Any CPU
		{058CC080-7989-4C97-A099-91AFFA2079CA}.Release|x86.ActiveCfg = Release|Any CPU
		{058CC080-7989-4C97-A099-91AFFA2079CA}.Release|x86.Build.0 = Release|Any CPU
		{EB2DD80F-26CC-4168-8660-6AB84446D8FF}.Debug|Any CPU.ActiveCfg = Debug|Any CPU
		{EB2DD80F-26CC-4168-8660-6AB84446D8FF}.Debug|Any CPU.Build.0 = Debug|Any CPU
		{EB2DD80F-26CC-4168-8660-6AB84446D8FF}.Debug|x64.ActiveCfg = Debug|Any CPU
		{EB2DD80F-26CC-4168-8660-6AB84446D8FF}.Debug|x64.Build.0 = Debug|Any CPU
		{EB2DD80F-26CC-4168-8660-6AB84446D8FF}.Debug|x86.ActiveCfg = Debug|Any CPU
		{EB2DD80F-26CC-4168-8660-6AB84446D8FF}.Debug|x86.Build.0 = Debug|Any CPU
		{EB2DD80F-26CC-4168-8660-6AB84446D8FF}.Release|Any CPU.ActiveCfg = Release|Any CPU
		{EB2DD80F-26CC-4168-8660-6AB84446D8FF}.Release|Any CPU.Build.0 = Release|Any CPU
		{EB2DD80F-26CC-4168-8660-6AB84446D8FF}.Release|x64.ActiveCfg = Release|Any CPU
		{EB2DD80F-26CC-4168-8660-6AB84446D8FF}.Release|x64.Build.0 = Release|Any CPU
		{EB2DD80F-26CC-4168-8660-6AB84446D8FF}.Release|x86.ActiveCfg = Release|Any CPU
		{EB2DD80F-26CC-4168-8660-6AB84446D8FF}.Release|x86.Build.0 = Release|Any CPU
		{BDDED0CA-CAB5-4568-B506-B969976F8000}.Debug|Any CPU.ActiveCfg = Debug|Any CPU
		{BDDED0CA-CAB5-4568-B506-B969976F8000}.Debug|Any CPU.Build.0 = Debug|Any CPU
		{BDDED0CA-CAB5-4568-B506-B969976F8000}.Debug|x64.ActiveCfg = Debug|Any CPU
		{BDDED0CA-CAB5-4568-B506-B969976F8000}.Debug|x64.Build.0 = Debug|Any CPU
		{BDDED0CA-CAB5-4568-B506-B969976F8000}.Debug|x86.ActiveCfg = Debug|Any CPU
		{BDDED0CA-CAB5-4568-B506-B969976F8000}.Debug|x86.Build.0 = Debug|Any CPU
		{BDDED0CA-CAB5-4568-B506-B969976F8000}.Release|Any CPU.ActiveCfg = Release|Any CPU
		{BDDED0CA-CAB5-4568-B506-B969976F8000}.Release|Any CPU.Build.0 = Release|Any CPU
		{BDDED0CA-CAB5-4568-B506-B969976F8000}.Release|x64.ActiveCfg = Release|Any CPU
		{BDDED0CA-CAB5-4568-B506-B969976F8000}.Release|x64.Build.0 = Release|Any CPU
		{BDDED0CA-CAB5-4568-B506-B969976F8000}.Release|x86.ActiveCfg = Release|Any CPU
		{BDDED0CA-CAB5-4568-B506-B969976F8000}.Release|x86.Build.0 = Release|Any CPU
		{F294AAFA-C932-45A6-9733-77698A9EC87A}.Debug|Any CPU.ActiveCfg = Debug|Any CPU
		{F294AAFA-C932-45A6-9733-77698A9EC87A}.Debug|Any CPU.Build.0 = Debug|Any CPU
		{F294AAFA-C932-45A6-9733-77698A9EC87A}.Debug|x64.ActiveCfg = Debug|Any CPU
		{F294AAFA-C932-45A6-9733-77698A9EC87A}.Debug|x64.Build.0 = Debug|Any CPU
		{F294AAFA-C932-45A6-9733-77698A9EC87A}.Debug|x86.ActiveCfg = Debug|Any CPU
		{F294AAFA-C932-45A6-9733-77698A9EC87A}.Debug|x86.Build.0 = Debug|Any CPU
		{F294AAFA-C932-45A6-9733-77698A9EC87A}.Release|Any CPU.ActiveCfg = Release|Any CPU
		{F294AAFA-C932-45A6-9733-77698A9EC87A}.Release|Any CPU.Build.0 = Release|Any CPU
		{F294AAFA-C932-45A6-9733-77698A9EC87A}.Release|x64.ActiveCfg = Release|Any CPU
		{F294AAFA-C932-45A6-9733-77698A9EC87A}.Release|x64.Build.0 = Release|Any CPU
		{F294AAFA-C932-45A6-9733-77698A9EC87A}.Release|x86.ActiveCfg = Release|Any CPU
		{F294AAFA-C932-45A6-9733-77698A9EC87A}.Release|x86.Build.0 = Release|Any CPU
		{BC02F682-EDBC-4FDE-8BF4-8A68FAAB5AD8}.Debug|Any CPU.ActiveCfg = Debug|Any CPU
		{BC02F682-EDBC-4FDE-8BF4-8A68FAAB5AD8}.Debug|Any CPU.Build.0 = Debug|Any CPU
		{BC02F682-EDBC-4FDE-8BF4-8A68FAAB5AD8}.Debug|x64.ActiveCfg = Debug|Any CPU
		{BC02F682-EDBC-4FDE-8BF4-8A68FAAB5AD8}.Debug|x64.Build.0 = Debug|Any CPU
		{BC02F682-EDBC-4FDE-8BF4-8A68FAAB5AD8}.Debug|x86.ActiveCfg = Debug|Any CPU
		{BC02F682-EDBC-4FDE-8BF4-8A68FAAB5AD8}.Debug|x86.Build.0 = Debug|Any CPU
		{BC02F682-EDBC-4FDE-8BF4-8A68FAAB5AD8}.Release|Any CPU.ActiveCfg = Release|Any CPU
		{BC02F682-EDBC-4FDE-8BF4-8A68FAAB5AD8}.Release|Any CPU.Build.0 = Release|Any CPU
		{BC02F682-EDBC-4FDE-8BF4-8A68FAAB5AD8}.Release|x64.ActiveCfg = Release|Any CPU
		{BC02F682-EDBC-4FDE-8BF4-8A68FAAB5AD8}.Release|x64.Build.0 = Release|Any CPU
		{BC02F682-EDBC-4FDE-8BF4-8A68FAAB5AD8}.Release|x86.ActiveCfg = Release|Any CPU
		{BC02F682-EDBC-4FDE-8BF4-8A68FAAB5AD8}.Release|x86.Build.0 = Release|Any CPU
		{22C103E7-9D79-440F-BC51-AFF8C117E446}.Debug|Any CPU.ActiveCfg = Debug|Any CPU
		{22C103E7-9D79-440F-BC51-AFF8C117E446}.Debug|Any CPU.Build.0 = Debug|Any CPU
		{22C103E7-9D79-440F-BC51-AFF8C117E446}.Debug|x64.ActiveCfg = Debug|Any CPU
		{22C103E7-9D79-440F-BC51-AFF8C117E446}.Debug|x64.Build.0 = Debug|Any CPU
		{22C103E7-9D79-440F-BC51-AFF8C117E446}.Debug|x86.ActiveCfg = Debug|Any CPU
		{22C103E7-9D79-440F-BC51-AFF8C117E446}.Debug|x86.Build.0 = Debug|Any CPU
		{22C103E7-9D79-440F-BC51-AFF8C117E446}.Release|Any CPU.ActiveCfg = Release|Any CPU
		{22C103E7-9D79-440F-BC51-AFF8C117E446}.Release|Any CPU.Build.0 = Release|Any CPU
		{22C103E7-9D79-440F-BC51-AFF8C117E446}.Release|x64.ActiveCfg = Release|Any CPU
		{22C103E7-9D79-440F-BC51-AFF8C117E446}.Release|x64.Build.0 = Release|Any CPU
		{22C103E7-9D79-440F-BC51-AFF8C117E446}.Release|x86.ActiveCfg = Release|Any CPU
		{22C103E7-9D79-440F-BC51-AFF8C117E446}.Release|x86.Build.0 = Release|Any CPU
		{38809E6A-1077-47C5-AB0F-1B9CB9259289}.Debug|Any CPU.ActiveCfg = Debug|Any CPU
		{38809E6A-1077-47C5-AB0F-1B9CB9259289}.Debug|Any CPU.Build.0 = Debug|Any CPU
		{38809E6A-1077-47C5-AB0F-1B9CB9259289}.Debug|x64.ActiveCfg = Debug|Any CPU
		{38809E6A-1077-47C5-AB0F-1B9CB9259289}.Debug|x64.Build.0 = Debug|Any CPU
		{38809E6A-1077-47C5-AB0F-1B9CB9259289}.Debug|x86.ActiveCfg = Debug|Any CPU
		{38809E6A-1077-47C5-AB0F-1B9CB9259289}.Debug|x86.Build.0 = Debug|Any CPU
		{38809E6A-1077-47C5-AB0F-1B9CB9259289}.Release|Any CPU.ActiveCfg = Release|Any CPU
		{38809E6A-1077-47C5-AB0F-1B9CB9259289}.Release|Any CPU.Build.0 = Release|Any CPU
		{38809E6A-1077-47C5-AB0F-1B9CB9259289}.Release|x64.ActiveCfg = Release|Any CPU
		{38809E6A-1077-47C5-AB0F-1B9CB9259289}.Release|x64.Build.0 = Release|Any CPU
		{38809E6A-1077-47C5-AB0F-1B9CB9259289}.Release|x86.ActiveCfg = Release|Any CPU
		{38809E6A-1077-47C5-AB0F-1B9CB9259289}.Release|x86.Build.0 = Release|Any CPU
		{8ABAE5EB-470F-40A3-A610-D6AB18E581C5}.Debug|Any CPU.ActiveCfg = Debug|Any CPU
		{8ABAE5EB-470F-40A3-A610-D6AB18E581C5}.Debug|Any CPU.Build.0 = Debug|Any CPU
		{8ABAE5EB-470F-40A3-A610-D6AB18E581C5}.Debug|x64.ActiveCfg = Debug|Any CPU
		{8ABAE5EB-470F-40A3-A610-D6AB18E581C5}.Debug|x64.Build.0 = Debug|Any CPU
		{8ABAE5EB-470F-40A3-A610-D6AB18E581C5}.Debug|x86.ActiveCfg = Debug|Any CPU
		{8ABAE5EB-470F-40A3-A610-D6AB18E581C5}.Debug|x86.Build.0 = Debug|Any CPU
		{8ABAE5EB-470F-40A3-A610-D6AB18E581C5}.Release|Any CPU.ActiveCfg = Release|Any CPU
		{8ABAE5EB-470F-40A3-A610-D6AB18E581C5}.Release|Any CPU.Build.0 = Release|Any CPU
		{8ABAE5EB-470F-40A3-A610-D6AB18E581C5}.Release|x64.ActiveCfg = Release|Any CPU
		{8ABAE5EB-470F-40A3-A610-D6AB18E581C5}.Release|x64.Build.0 = Release|Any CPU
		{8ABAE5EB-470F-40A3-A610-D6AB18E581C5}.Release|x86.ActiveCfg = Release|Any CPU
		{8ABAE5EB-470F-40A3-A610-D6AB18E581C5}.Release|x86.Build.0 = Release|Any CPU
		{6E5A77C6-9C0D-4AC5-B65D-08E119A36AE9}.Debug|Any CPU.ActiveCfg = Debug|Any CPU
		{6E5A77C6-9C0D-4AC5-B65D-08E119A36AE9}.Debug|Any CPU.Build.0 = Debug|Any CPU
		{6E5A77C6-9C0D-4AC5-B65D-08E119A36AE9}.Debug|x64.ActiveCfg = Debug|Any CPU
		{6E5A77C6-9C0D-4AC5-B65D-08E119A36AE9}.Debug|x64.Build.0 = Debug|Any CPU
		{6E5A77C6-9C0D-4AC5-B65D-08E119A36AE9}.Debug|x86.ActiveCfg = Debug|Any CPU
		{6E5A77C6-9C0D-4AC5-B65D-08E119A36AE9}.Debug|x86.Build.0 = Debug|Any CPU
		{6E5A77C6-9C0D-4AC5-B65D-08E119A36AE9}.Release|Any CPU.ActiveCfg = Release|Any CPU
		{6E5A77C6-9C0D-4AC5-B65D-08E119A36AE9}.Release|Any CPU.Build.0 = Release|Any CPU
		{6E5A77C6-9C0D-4AC5-B65D-08E119A36AE9}.Release|x64.ActiveCfg = Release|Any CPU
		{6E5A77C6-9C0D-4AC5-B65D-08E119A36AE9}.Release|x64.Build.0 = Release|Any CPU
		{6E5A77C6-9C0D-4AC5-B65D-08E119A36AE9}.Release|x86.ActiveCfg = Release|Any CPU
		{6E5A77C6-9C0D-4AC5-B65D-08E119A36AE9}.Release|x86.Build.0 = Release|Any CPU
		{79739721-3A33-480F-A8AF-F37474C8DFD9}.Debug|Any CPU.ActiveCfg = Debug|Any CPU
		{79739721-3A33-480F-A8AF-F37474C8DFD9}.Debug|Any CPU.Build.0 = Debug|Any CPU
		{79739721-3A33-480F-A8AF-F37474C8DFD9}.Debug|x64.ActiveCfg = Debug|Any CPU
		{79739721-3A33-480F-A8AF-F37474C8DFD9}.Debug|x64.Build.0 = Debug|Any CPU
		{79739721-3A33-480F-A8AF-F37474C8DFD9}.Debug|x86.ActiveCfg = Debug|Any CPU
		{79739721-3A33-480F-A8AF-F37474C8DFD9}.Debug|x86.Build.0 = Debug|Any CPU
		{79739721-3A33-480F-A8AF-F37474C8DFD9}.Release|Any CPU.ActiveCfg = Release|Any CPU
		{79739721-3A33-480F-A8AF-F37474C8DFD9}.Release|Any CPU.Build.0 = Release|Any CPU
		{79739721-3A33-480F-A8AF-F37474C8DFD9}.Release|x64.ActiveCfg = Release|Any CPU
		{79739721-3A33-480F-A8AF-F37474C8DFD9}.Release|x64.Build.0 = Release|Any CPU
		{79739721-3A33-480F-A8AF-F37474C8DFD9}.Release|x86.ActiveCfg = Release|Any CPU
		{79739721-3A33-480F-A8AF-F37474C8DFD9}.Release|x86.Build.0 = Release|Any CPU
		{475CFDA8-1458-4C89-AF8D-080032DF8EF5}.Debug|Any CPU.ActiveCfg = Debug|Any CPU
		{475CFDA8-1458-4C89-AF8D-080032DF8EF5}.Debug|Any CPU.Build.0 = Debug|Any CPU
		{475CFDA8-1458-4C89-AF8D-080032DF8EF5}.Debug|x64.ActiveCfg = Debug|Any CPU
		{475CFDA8-1458-4C89-AF8D-080032DF8EF5}.Debug|x64.Build.0 = Debug|Any CPU
		{475CFDA8-1458-4C89-AF8D-080032DF8EF5}.Debug|x86.ActiveCfg = Debug|Any CPU
		{475CFDA8-1458-4C89-AF8D-080032DF8EF5}.Debug|x86.Build.0 = Debug|Any CPU
		{475CFDA8-1458-4C89-AF8D-080032DF8EF5}.Release|Any CPU.ActiveCfg = Release|Any CPU
		{475CFDA8-1458-4C89-AF8D-080032DF8EF5}.Release|Any CPU.Build.0 = Release|Any CPU
		{475CFDA8-1458-4C89-AF8D-080032DF8EF5}.Release|x64.ActiveCfg = Release|Any CPU
		{475CFDA8-1458-4C89-AF8D-080032DF8EF5}.Release|x64.Build.0 = Release|Any CPU
		{475CFDA8-1458-4C89-AF8D-080032DF8EF5}.Release|x86.ActiveCfg = Release|Any CPU
		{475CFDA8-1458-4C89-AF8D-080032DF8EF5}.Release|x86.Build.0 = Release|Any CPU
	EndGlobalSection
	GlobalSection(SolutionProperties) = preSolution
		HideSolutionNode = FALSE
	EndGlobalSection
	GlobalSection(NestedProjects) = preSolution
		{058CC080-7989-4C97-A099-91AFFA2079CA} = {827E0CD3-B72D-47B6-A68D-7590B98EB39B}
		{EB2DD80F-26CC-4168-8660-6AB84446D8FF} = {827E0CD3-B72D-47B6-A68D-7590B98EB39B}
		{BDDED0CA-CAB5-4568-B506-B969976F8000} = {827E0CD3-B72D-47B6-A68D-7590B98EB39B}
		{F294AAFA-C932-45A6-9733-77698A9EC87A} = {827E0CD3-B72D-47B6-A68D-7590B98EB39B}
		{BC02F682-EDBC-4FDE-8BF4-8A68FAAB5AD8} = {827E0CD3-B72D-47B6-A68D-7590B98EB39B}
		{22C103E7-9D79-440F-BC51-AFF8C117E446} = {827E0CD3-B72D-47B6-A68D-7590B98EB39B}
		{38809E6A-1077-47C5-AB0F-1B9CB9259289} = {0AB3BF05-4346-4AA6-1389-037BE0695223}
		{8ABAE5EB-470F-40A3-A610-D6AB18E581C5} = {0AB3BF05-4346-4AA6-1389-037BE0695223}
		{6E5A77C6-9C0D-4AC5-B65D-08E119A36AE9} = {0AB3BF05-4346-4AA6-1389-037BE0695223}
		{79739721-3A33-480F-A8AF-F37474C8DFD9} = {0AB3BF05-4346-4AA6-1389-037BE0695223}
		{475CFDA8-1458-4C89-AF8D-080032DF8EF5} = {0AB3BF05-4346-4AA6-1389-037BE0695223}
	EndGlobalSection
EndGlobal
